
Microsoft Visual Studio Solution File, Format Version 12.00
# Visual Studio Version 17
VisualStudioVersion = 17.0.32112.339
MinimumVisualStudioVersion = 10.0.40219.1
Project("{9A19103F-16F7-4668-BE54-9A1E7A4F7556}") = "DigitalJournal", "DigitalJournal\DigitalJournal.csproj", "{C25EEB2D-D5D0-409E-86A0-A1D2855F8C29}"
EndProject
Project("{9A19103F-16F7-4668-BE54-9A1E7A4F7556}") = "DigitalJournal.Domain", "DigitalJournal.Domain\DigitalJournal.Domain.csproj", "{A561FF24-DA9E-474A-8D34-EA494CA5AAD6}"
EndProject
Project("{9A19103F-16F7-4668-BE54-9A1E7A4F7556}") = "DigitalJournal.Dal", "DigitalJournal.Dal\DigitalJournal.Dal.csproj", "{4B757390-E068-4B80-BC9F-E79FF0A1178A}"
EndProject
Project("{2150E333-8FDC-42A3-9474-1A3956D46DE8}") = "Tests", "Tests", "{E9A50B52-1FAE-4DDE-AC73-F56EB90D0FEA}"
EndProject
Project("{9A19103F-16F7-4668-BE54-9A1E7A4F7556}") = "DigitalJournalTests", "Tests\DigitalJournalTests\DigitalJournalTests.csproj", "{42A24A74-9FA9-42A0-B086-956B6793DBB9}"
EndProject
Project("{9A19103F-16F7-4668-BE54-9A1E7A4F7556}") = "DigitalJournalIntegrationTests", "Tests\DigitalJournalIntegrationTests\DigitalJournalIntegrationTests.csproj", "{1EF6BF5D-9028-4E90-9990-FFAAECE99EB8}"
EndProject
Project("{9A19103F-16F7-4668-BE54-9A1E7A4F7556}") = "DigitalJournal.Dal.Mssql", "DigitalJournal.Dal.Mssql\DigitalJournal.Dal.Mssql.csproj", "{F14EA48F-ECB5-4276-834D-70084C22F143}"
EndProject
Global
	GlobalSection(SolutionConfigurationPlatforms) = preSolution
		Debug|Any CPU = Debug|Any CPU
		Release|Any CPU = Release|Any CPU
	EndGlobalSection
	GlobalSection(ProjectConfigurationPlatforms) = postSolution
		{C25EEB2D-D5D0-409E-86A0-A1D2855F8C29}.Debug|Any CPU.ActiveCfg = Debug|Any CPU
		{C25EEB2D-D5D0-409E-86A0-A1D2855F8C29}.Debug|Any CPU.Build.0 = Debug|Any CPU
		{C25EEB2D-D5D0-409E-86A0-A1D2855F8C29}.Release|Any CPU.ActiveCfg = Release|Any CPU
		{C25EEB2D-D5D0-409E-86A0-A1D2855F8C29}.Release|Any CPU.Build.0 = Release|Any CPU
		{A561FF24-DA9E-474A-8D34-EA494CA5AAD6}.Debug|Any CPU.ActiveCfg = Debug|Any CPU
		{A561FF24-DA9E-474A-8D34-EA494CA5AAD6}.Debug|Any CPU.Build.0 = Debug|Any CPU
		{A561FF24-DA9E-474A-8D34-EA494CA5AAD6}.Release|Any CPU.ActiveCfg = Release|Any CPU
		{A561FF24-DA9E-474A-8D34-EA494CA5AAD6}.Release|Any CPU.Build.0 = Release|Any CPU
		{4B757390-E068-4B80-BC9F-E79FF0A1178A}.Debug|Any CPU.ActiveCfg = Debug|Any CPU
		{4B757390-E068-4B80-BC9F-E79FF0A1178A}.Debug|Any CPU.Build.0 = Debug|Any CPU
		{4B757390-E068-4B80-BC9F-E79FF0A1178A}.Release|Any CPU.ActiveCfg = Release|Any CPU
		{4B757390-E068-4B80-BC9F-E79FF0A1178A}.Release|Any CPU.Build.0 = Release|Any CPU
		{42A24A74-9FA9-42A0-B086-956B6793DBB9}.Debug|Any CPU.ActiveCfg = Debug|Any CPU
		{42A24A74-9FA9-42A0-B086-956B6793DBB9}.Debug|Any CPU.Build.0 = Debug|Any CPU
		{42A24A74-9FA9-42A0-B086-956B6793DBB9}.Release|Any CPU.ActiveCfg = Release|Any CPU
		{42A24A74-9FA9-42A0-B086-956B6793DBB9}.Release|Any CPU.Build.0 = Release|Any CPU
		{1EF6BF5D-9028-4E90-9990-FFAAECE99EB8}.Debug|Any CPU.ActiveCfg = Debug|Any CPU
		{1EF6BF5D-9028-4E90-9990-FFAAECE99EB8}.Debug|Any CPU.Build.0 = Debug|Any CPU
		{1EF6BF5D-9028-4E90-9990-FFAAECE99EB8}.Release|Any CPU.ActiveCfg = Release|Any CPU
		{1EF6BF5D-9028-4E90-9990-FFAAECE99EB8}.Release|Any CPU.Build.0 = Release|Any CPU
		{F14EA48F-ECB5-4276-834D-70084C22F143}.Debug|Any CPU.ActiveCfg = Debug|Any CPU
		{F14EA48F-ECB5-4276-834D-70084C22F143}.Debug|Any CPU.Build.0 = Debug|Any CPU
		{F14EA48F-ECB5-4276-834D-70084C22F143}.Release|Any CPU.ActiveCfg = Release|Any CPU
		{F14EA48F-ECB5-4276-834D-70084C22F143}.Release|Any CPU.Build.0 = Release|Any CPU
	EndGlobalSection
	GlobalSection(SolutionProperties) = preSolution
		HideSolutionNode = FALSE
	EndGlobalSection
	GlobalSection(NestedProjects) = preSolution
		{42A24A74-9FA9-42A0-B086-956B6793DBB9} = {E9A50B52-1FAE-4DDE-AC73-F56EB90D0FEA}
		{1EF6BF5D-9028-4E90-9990-FFAAECE99EB8} = {E9A50B52-1FAE-4DDE-AC73-F56EB90D0FEA}
	EndGlobalSection
	GlobalSection(ExtensibilityGlobals) = postSolution
		SolutionGuid = {C5CBFADD-9A97-4B5A-AAD8-7023EE2549F8}
	EndGlobalSection
EndGlobal
